
Microsoft Visual Studio Solution File, Format Version 12.00
# Visual Studio Version 16
VisualStudioVersion = 16.0.31410.357
MinimumVisualStudioVersion = 10.0.40219.1
Project("{9A19103F-16F7-4668-BE54-9A1E7A4F7556}") = "GerenciadorLojasAPI", "GerenciadorLojasAPI\GerenciadorLojasAPI.csproj", "{A7869A43-B84B-443F-B3DE-A229C07EB5DB}"
EndProject
Project("{FAE04EC0-301F-11D3-BF4B-00C04F79EFBC}") = "GerenciadorLojasTestes", "GerenciadorLojasTestes\GerenciadorLojasTestes.csproj", "{6757F0A7-B533-4988-BF79-813394A26A68}"
EndProject
Global
	GlobalSection(SolutionConfigurationPlatforms) = preSolution
		Debug|Any CPU = Debug|Any CPU
		Release|Any CPU = Release|Any CPU
	EndGlobalSection
	GlobalSection(ProjectConfigurationPlatforms) = postSolution
		{A7869A43-B84B-443F-B3DE-A229C07EB5DB}.Debug|Any CPU.ActiveCfg = Debug|Any CPU
		{A7869A43-B84B-443F-B3DE-A229C07EB5DB}.Debug|Any CPU.Build.0 = Debug|Any CPU
		{A7869A43-B84B-443F-B3DE-A229C07EB5DB}.Release|Any CPU.ActiveCfg = Release|Any CPU
		{A7869A43-B84B-443F-B3DE-A229C07EB5DB}.Release|Any CPU.Build.0 = Release|Any CPU
		{6757F0A7-B533-4988-BF79-813394A26A68}.Debug|Any CPU.ActiveCfg = Debug|Any CPU
		{6757F0A7-B533-4988-BF79-813394A26A68}.Debug|Any CPU.Build.0 = Debug|Any CPU
		{6757F0A7-B533-4988-BF79-813394A26A68}.Release|Any CPU.ActiveCfg = Release|Any CPU
		{6757F0A7-B533-4988-BF79-813394A26A68}.Release|Any CPU.Build.0 = Release|Any CPU
	EndGlobalSection
	GlobalSection(SolutionProperties) = preSolution
		HideSolutionNode = FALSE
	EndGlobalSection
	GlobalSection(ExtensibilityGlobals) = postSolution
		SolutionGuid = {9E66F699-F245-4E0C-95E2-4F68709397A7}
	EndGlobalSection
EndGlobal
